// !$*UTF8*$!
{
	archiveVersion = 1;
	classes = {
	};
	objectVersion = 50;
	objects = {

/* Begin PBXBuildFile section */
		6217EDCC221161EE00A29361 /* ListViewModel.swift in Sources */ = {isa = PBXBuildFile; fileRef = 6217EDCB221161EE00A29361 /* ListViewModel.swift */; };
		6217EDCE2211621100A29361 /* ListViewController.swift in Sources */ = {isa = PBXBuildFile; fileRef = 6217EDCD2211621100A29361 /* ListViewController.swift */; };
		6217EDD02211626600A29361 /* StorageManager.swift in Sources */ = {isa = PBXBuildFile; fileRef = 6217EDCF2211626600A29361 /* StorageManager.swift */; };
		6217EDD422117DEA00A29361 /* APISearchViewModel.swift in Sources */ = {isa = PBXBuildFile; fileRef = 6217EDD322117DEA00A29361 /* APISearchViewModel.swift */; };
		6217EDD622117E0600A29361 /* APIClient.swift in Sources */ = {isa = PBXBuildFile; fileRef = 6217EDD522117E0600A29361 /* APIClient.swift */; };
		6217EDD822117F6400A29361 /* IGDBRequests.swift in Sources */ = {isa = PBXBuildFile; fileRef = 6217EDD722117F6400A29361 /* IGDBRequests.swift */; };
		6217EDDB2211892C00A29361 /* SimpleCellModelMappable.swift in Sources */ = {isa = PBXBuildFile; fileRef = 6217EDDA2211892C00A29361 /* SimpleCellModelMappable.swift */; };
		6217EDE02211895F00A29361 /* SimpleCellViewModel.swift in Sources */ = {isa = PBXBuildFile; fileRef = 6217EDDF2211895F00A29361 /* SimpleCellViewModel.swift */; };
		6217EDE22211897B00A29361 /* SimpleTableViewController.swift in Sources */ = {isa = PBXBuildFile; fileRef = 6217EDE12211897B00A29361 /* SimpleTableViewController.swift */; };
		6217EDE72211960200A29361 /* GRRequests.swift in Sources */ = {isa = PBXBuildFile; fileRef = 6217EDE62211960200A29361 /* GRRequests.swift */; };
		6217EDE922119CF800A29361 /* GRBook.swift in Sources */ = {isa = PBXBuildFile; fileRef = 6217EDE822119CF800A29361 /* GRBook.swift */; };
		6217EDEB2211A1AC00A29361 /* GRSearchResponse.swift in Sources */ = {isa = PBXBuildFile; fileRef = 6217EDEA2211A1AC00A29361 /* GRSearchResponse.swift */; };
		6217EDED2211A7C800A29361 /* APIRequest.swift in Sources */ = {isa = PBXBuildFile; fileRef = 6217EDEC2211A7C800A29361 /* APIRequest.swift */; };
		62438E8D2212D9AC00181A82 /* XMLParsing.framework in Frameworks */ = {isa = PBXBuildFile; fileRef = 62438E8C2212D9AC00181A82 /* XMLParsing.framework */; };
		62438E8E2212D9B700181A82 /* XMLParsing.framework in CopyFiles */ = {isa = PBXBuildFile; fileRef = 62438E8C2212D9AC00181A82 /* XMLParsing.framework */; settings = {ATTRIBUTES = (CodeSignOnCopy, RemoveHeadersOnCopy, ); }; };
		62CC36162219382A0043C8EA /* LocallyStoredListViewModel.swift in Sources */ = {isa = PBXBuildFile; fileRef = 62CC36152219382A0043C8EA /* LocallyStoredListViewModel.swift */; };
		62CC3618221938540043C8EA /* MutableListViewModel.swift in Sources */ = {isa = PBXBuildFile; fileRef = 62CC3617221938540043C8EA /* MutableListViewModel.swift */; };
		62CC361A22193AA30043C8EA /* NetworkStoredListViewModel.swift in Sources */ = {isa = PBXBuildFile; fileRef = 62CC361922193AA30043C8EA /* NetworkStoredListViewModel.swift */; };
		62CC361C22193D100043C8EA /* RefreshableListViewController.swift in Sources */ = {isa = PBXBuildFile; fileRef = 62CC361B22193D100043C8EA /* RefreshableListViewController.swift */; };
		62CC361E221941630043C8EA /* NetworkListViewModel.swift in Sources */ = {isa = PBXBuildFile; fileRef = 62CC361D221941630043C8EA /* NetworkListViewModel.swift */; };
		62CC3624221946660043C8EA /* MutableListViewController.swift in Sources */ = {isa = PBXBuildFile; fileRef = 62CC3623221946660043C8EA /* MutableListViewController.swift */; };
		62CC3627221947640043C8EA /* Refreshable.swift in Sources */ = {isa = PBXBuildFile; fileRef = 62CC3626221947640043C8EA /* Refreshable.swift */; };
		62CC362A2219477F0043C8EA /* IPArticle.swift in Sources */ = {isa = PBXBuildFile; fileRef = 62CC36292219477F0043C8EA /* IPArticle.swift */; };
		62CC362F22194DE70043C8EA /* SWAPIRequests.swift in Sources */ = {isa = PBXBuildFile; fileRef = 62CC362E22194DE70043C8EA /* SWAPIRequests.swift */; };
		62CC363122194DF70043C8EA /* SWAPIResponse.swift in Sources */ = {isa = PBXBuildFile; fileRef = 62CC363022194DF70043C8EA /* SWAPIResponse.swift */; };
		62CC363322194DFF0043C8EA /* SWAPIPerson.swift in Sources */ = {isa = PBXBuildFile; fileRef = 62CC363222194DFF0043C8EA /* SWAPIPerson.swift */; };
		62E325CA2214375000321B1B /* TMDBRequests.swift in Sources */ = {isa = PBXBuildFile; fileRef = 62E325C92214375000321B1B /* TMDBRequests.swift */; };
		62E325CC2214384100321B1B /* TMDBSearchResponse.swift in Sources */ = {isa = PBXBuildFile; fileRef = 62E325CB2214384100321B1B /* TMDBSearchResponse.swift */; };
		62E325CE2214472100321B1B /* TMDBTVShow.swift in Sources */ = {isa = PBXBuildFile; fileRef = 62E325CD2214472100321B1B /* TMDBTVShow.swift */; };
		62E325D02214478800321B1B /* TMDBMovie.swift in Sources */ = {isa = PBXBuildFile; fileRef = 62E325CF2214478800321B1B /* TMDBMovie.swift */; };
		62F0F9FF2210045C00284F8C /* AppDelegate.swift in Sources */ = {isa = PBXBuildFile; fileRef = 62F0F9FE2210045C00284F8C /* AppDelegate.swift */; };
		62F0FA012210045C00284F8C /* SearchResultsViewController.swift in Sources */ = {isa = PBXBuildFile; fileRef = 62F0FA002210045C00284F8C /* SearchResultsViewController.swift */; };
		62F0FA042210045C00284F8C /* Main.storyboard in Resources */ = {isa = PBXBuildFile; fileRef = 62F0FA022210045C00284F8C /* Main.storyboard */; };
		62F0FA062210045E00284F8C /* Assets.xcassets in Resources */ = {isa = PBXBuildFile; fileRef = 62F0FA052210045E00284F8C /* Assets.xcassets */; };
		62F0FA092210045E00284F8C /* LaunchScreen.storyboard in Resources */ = {isa = PBXBuildFile; fileRef = 62F0FA072210045E00284F8C /* LaunchScreen.storyboard */; };
		62F0FA14221007F400284F8C /* Alamofire.framework in Frameworks */ = {isa = PBXBuildFile; fileRef = 62F0FA13221007F400284F8C /* Alamofire.framework */; };
		62F0FA162210080000284F8C /* Alamofire.framework in CopyFiles */ = {isa = PBXBuildFile; fileRef = 62F0FA13221007F400284F8C /* Alamofire.framework */; settings = {ATTRIBUTES = (CodeSignOnCopy, RemoveHeadersOnCopy, ); }; };
		62F0FA1A2210087900284F8C /* Secrets.swift in Sources */ = {isa = PBXBuildFile; fileRef = 62F0FA192210087900284F8C /* Secrets.swift */; };
		62F0FA1C22100F1F00284F8C /* IGDBGame.swift in Sources */ = {isa = PBXBuildFile; fileRef = 62F0FA1B22100F1F00284F8C /* IGDBGame.swift */; };
		62F0FA1E22101C1300284F8C /* StoredListViewController.swift in Sources */ = {isa = PBXBuildFile; fileRef = 62F0FA1D22101C1300284F8C /* StoredListViewController.swift */; };
		62F0FA2022102C3600284F8C /* SearchViewModel.swift in Sources */ = {isa = PBXBuildFile; fileRef = 62F0FA1F22102C3600284F8C /* SearchViewModel.swift */; };
		828ACA7C6E7F12F5FABD72CF /* libPods-MediaTracker.a in Frameworks */ = {isa = PBXBuildFile; fileRef = AA6F68317BFCBD55D20916E6 /* libPods-MediaTracker.a */; };
/* End PBXBuildFile section */

/* Begin PBXCopyFilesBuildPhase section */
		62F0FA15221007F800284F8C /* CopyFiles */ = {
			isa = PBXCopyFilesBuildPhase;
			buildActionMask = 2147483647;
			dstPath = "";
			dstSubfolderSpec = 10;
			files = (
				62F0FA162210080000284F8C /* Alamofire.framework in CopyFiles */,
				62438E8E2212D9B700181A82 /* XMLParsing.framework in CopyFiles */,
			);
			runOnlyForDeploymentPostprocessing = 0;
		};
/* End PBXCopyFilesBuildPhase section */

/* Begin PBXFileReference section */
		6217EDCB221161EE00A29361 /* ListViewModel.swift */ = {isa = PBXFileReference; lastKnownFileType = sourcecode.swift; path = ListViewModel.swift; sourceTree = "<group>"; };
		6217EDCD2211621100A29361 /* ListViewController.swift */ = {isa = PBXFileReference; lastKnownFileType = sourcecode.swift; path = ListViewController.swift; sourceTree = "<group>"; };
		6217EDCF2211626600A29361 /* StorageManager.swift */ = {isa = PBXFileReference; lastKnownFileType = sourcecode.swift; path = StorageManager.swift; sourceTree = "<group>"; };
		6217EDD322117DEA00A29361 /* APISearchViewModel.swift */ = {isa = PBXFileReference; lastKnownFileType = sourcecode.swift; path = APISearchViewModel.swift; sourceTree = "<group>"; };
		6217EDD522117E0600A29361 /* APIClient.swift */ = {isa = PBXFileReference; lastKnownFileType = sourcecode.swift; path = APIClient.swift; sourceTree = "<group>"; };
		6217EDD722117F6400A29361 /* IGDBRequests.swift */ = {isa = PBXFileReference; lastKnownFileType = sourcecode.swift; path = IGDBRequests.swift; sourceTree = "<group>"; };
		6217EDDA2211892C00A29361 /* SimpleCellModelMappable.swift */ = {isa = PBXFileReference; lastKnownFileType = sourcecode.swift; path = SimpleCellModelMappable.swift; sourceTree = "<group>"; };
		6217EDDF2211895F00A29361 /* SimpleCellViewModel.swift */ = {isa = PBXFileReference; lastKnownFileType = sourcecode.swift; path = SimpleCellViewModel.swift; sourceTree = "<group>"; };
		6217EDE12211897B00A29361 /* SimpleTableViewController.swift */ = {isa = PBXFileReference; lastKnownFileType = sourcecode.swift; path = SimpleTableViewController.swift; sourceTree = "<group>"; };
		6217EDE62211960200A29361 /* GRRequests.swift */ = {isa = PBXFileReference; lastKnownFileType = sourcecode.swift; path = GRRequests.swift; sourceTree = "<group>"; };
		6217EDE822119CF800A29361 /* GRBook.swift */ = {isa = PBXFileReference; lastKnownFileType = sourcecode.swift; path = GRBook.swift; sourceTree = "<group>"; };
		6217EDEA2211A1AC00A29361 /* GRSearchResponse.swift */ = {isa = PBXFileReference; lastKnownFileType = sourcecode.swift; path = GRSearchResponse.swift; sourceTree = "<group>"; };
		6217EDEC2211A7C800A29361 /* APIRequest.swift */ = {isa = PBXFileReference; lastKnownFileType = sourcecode.swift; path = APIRequest.swift; sourceTree = "<group>"; };
		62438E8C2212D9AC00181A82 /* XMLParsing.framework */ = {isa = PBXFileReference; lastKnownFileType = wrapper.framework; name = XMLParsing.framework; path = Carthage/Build/iOS/XMLParsing.framework; sourceTree = "<group>"; };
		62CC36152219382A0043C8EA /* LocallyStoredListViewModel.swift */ = {isa = PBXFileReference; lastKnownFileType = sourcecode.swift; path = LocallyStoredListViewModel.swift; sourceTree = "<group>"; };
		62CC3617221938540043C8EA /* MutableListViewModel.swift */ = {isa = PBXFileReference; lastKnownFileType = sourcecode.swift; path = MutableListViewModel.swift; sourceTree = "<group>"; };
		62CC361922193AA30043C8EA /* NetworkStoredListViewModel.swift */ = {isa = PBXFileReference; lastKnownFileType = sourcecode.swift; path = NetworkStoredListViewModel.swift; sourceTree = "<group>"; };
		62CC361B22193D100043C8EA /* RefreshableListViewController.swift */ = {isa = PBXFileReference; lastKnownFileType = sourcecode.swift; path = RefreshableListViewController.swift; sourceTree = "<group>"; };
		62CC361D221941630043C8EA /* NetworkListViewModel.swift */ = {isa = PBXFileReference; lastKnownFileType = sourcecode.swift; path = NetworkListViewModel.swift; sourceTree = "<group>"; };
		62CC3623221946660043C8EA /* MutableListViewController.swift */ = {isa = PBXFileReference; lastKnownFileType = sourcecode.swift; path = MutableListViewController.swift; sourceTree = "<group>"; };
		62CC3626221947640043C8EA /* Refreshable.swift */ = {isa = PBXFileReference; lastKnownFileType = sourcecode.swift; path = Refreshable.swift; sourceTree = "<group>"; };
		62CC36292219477F0043C8EA /* IPArticle.swift */ = {isa = PBXFileReference; lastKnownFileType = sourcecode.swift; path = IPArticle.swift; sourceTree = "<group>"; };
		62CC362E22194DE70043C8EA /* SWAPIRequests.swift */ = {isa = PBXFileReference; lastKnownFileType = sourcecode.swift; path = SWAPIRequests.swift; sourceTree = "<group>"; };
		62CC363022194DF70043C8EA /* SWAPIResponse.swift */ = {isa = PBXFileReference; lastKnownFileType = sourcecode.swift; path = SWAPIResponse.swift; sourceTree = "<group>"; };
		62CC363222194DFF0043C8EA /* SWAPIPerson.swift */ = {isa = PBXFileReference; lastKnownFileType = sourcecode.swift; path = SWAPIPerson.swift; sourceTree = "<group>"; };
		62E325C92214375000321B1B /* TMDBRequests.swift */ = {isa = PBXFileReference; lastKnownFileType = sourcecode.swift; path = TMDBRequests.swift; sourceTree = "<group>"; };
		62E325CB2214384100321B1B /* TMDBSearchResponse.swift */ = {isa = PBXFileReference; lastKnownFileType = sourcecode.swift; path = TMDBSearchResponse.swift; sourceTree = "<group>"; };
		62E325CD2214472100321B1B /* TMDBTVShow.swift */ = {isa = PBXFileReference; lastKnownFileType = sourcecode.swift; path = TMDBTVShow.swift; sourceTree = "<group>"; };
		62E325CF2214478800321B1B /* TMDBMovie.swift */ = {isa = PBXFileReference; lastKnownFileType = sourcecode.swift; path = TMDBMovie.swift; sourceTree = "<group>"; };
		62F0F9FB2210045C00284F8C /* MediaTracker.app */ = {isa = PBXFileReference; explicitFileType = wrapper.application; includeInIndex = 0; path = MediaTracker.app; sourceTree = BUILT_PRODUCTS_DIR; };
		62F0F9FE2210045C00284F8C /* AppDelegate.swift */ = {isa = PBXFileReference; lastKnownFileType = sourcecode.swift; path = AppDelegate.swift; sourceTree = "<group>"; };
		62F0FA002210045C00284F8C /* SearchResultsViewController.swift */ = {isa = PBXFileReference; lastKnownFileType = sourcecode.swift; path = SearchResultsViewController.swift; sourceTree = "<group>"; };
		62F0FA032210045C00284F8C /* Base */ = {isa = PBXFileReference; lastKnownFileType = file.storyboard; name = Base; path = Base.lproj/Main.storyboard; sourceTree = "<group>"; };
		62F0FA052210045E00284F8C /* Assets.xcassets */ = {isa = PBXFileReference; lastKnownFileType = folder.assetcatalog; path = Assets.xcassets; sourceTree = "<group>"; };
		62F0FA082210045E00284F8C /* Base */ = {isa = PBXFileReference; lastKnownFileType = file.storyboard; name = Base; path = Base.lproj/LaunchScreen.storyboard; sourceTree = "<group>"; };
		62F0FA0A2210045E00284F8C /* Info.plist */ = {isa = PBXFileReference; lastKnownFileType = text.plist.xml; path = Info.plist; sourceTree = "<group>"; };
		62F0FA13221007F400284F8C /* Alamofire.framework */ = {isa = PBXFileReference; lastKnownFileType = wrapper.framework; name = Alamofire.framework; path = Carthage/Build/iOS/Alamofire.framework; sourceTree = "<group>"; };
		62F0FA192210087900284F8C /* Secrets.swift */ = {isa = PBXFileReference; lastKnownFileType = sourcecode.swift; path = Secrets.swift; sourceTree = "<group>"; };
		62F0FA1B22100F1F00284F8C /* IGDBGame.swift */ = {isa = PBXFileReference; lastKnownFileType = sourcecode.swift; path = IGDBGame.swift; sourceTree = "<group>"; };
		62F0FA1D22101C1300284F8C /* StoredListViewController.swift */ = {isa = PBXFileReference; lastKnownFileType = sourcecode.swift; path = StoredListViewController.swift; sourceTree = "<group>"; };
		62F0FA1F22102C3600284F8C /* SearchViewModel.swift */ = {isa = PBXFileReference; lastKnownFileType = sourcecode.swift; path = SearchViewModel.swift; sourceTree = "<group>"; };
		8BDE32FBC98FB5DB2471A725 /* Pods-MediaTracker.debug.xcconfig */ = {isa = PBXFileReference; includeInIndex = 1; lastKnownFileType = text.xcconfig; name = "Pods-MediaTracker.debug.xcconfig"; path = "Pods/Target Support Files/Pods-MediaTracker/Pods-MediaTracker.debug.xcconfig"; sourceTree = "<group>"; };
		AA6F68317BFCBD55D20916E6 /* libPods-MediaTracker.a */ = {isa = PBXFileReference; explicitFileType = archive.ar; includeInIndex = 0; path = "libPods-MediaTracker.a"; sourceTree = BUILT_PRODUCTS_DIR; };
		F7525B89277C0929D12C7ABC /* Pods-MediaTracker.release.xcconfig */ = {isa = PBXFileReference; includeInIndex = 1; lastKnownFileType = text.xcconfig; name = "Pods-MediaTracker.release.xcconfig"; path = "Pods/Target Support Files/Pods-MediaTracker/Pods-MediaTracker.release.xcconfig"; sourceTree = "<group>"; };
/* End PBXFileReference section */

/* Begin PBXFrameworksBuildPhase section */
		62F0F9F82210045C00284F8C /* Frameworks */ = {
			isa = PBXFrameworksBuildPhase;
			buildActionMask = 2147483647;
			files = (
				62F0FA14221007F400284F8C /* Alamofire.framework in Frameworks */,
				62438E8D2212D9AC00181A82 /* XMLParsing.framework in Frameworks */,
				828ACA7C6E7F12F5FABD72CF /* libPods-MediaTracker.a in Frameworks */,
			);
			runOnlyForDeploymentPostprocessing = 0;
		};
/* End PBXFrameworksBuildPhase section */

/* Begin PBXGroup section */
		019B6FB2C8DCBD1E77A6AC2A /* Pods */ = {
			isa = PBXGroup;
			children = (
				8BDE32FBC98FB5DB2471A725 /* Pods-MediaTracker.debug.xcconfig */,
				F7525B89277C0929D12C7ABC /* Pods-MediaTracker.release.xcconfig */,
			);
			name = Pods;
			sourceTree = "<group>";
		};
		6217EDC2221157D000A29361 /* Search Results List */ = {
			isa = PBXGroup;
			children = (
				62F0FA002210045C00284F8C /* SearchResultsViewController.swift */,
				62F0FA1F22102C3600284F8C /* SearchViewModel.swift */,
				6217EDD322117DEA00A29361 /* APISearchViewModel.swift */,
			);
			path = "Search Results List";
			sourceTree = "<group>";
		};
		6217EDC4221157DF00A29361 /* Stored List */ = {
			isa = PBXGroup;
			children = (
				62F0FA1D22101C1300284F8C /* StoredListViewController.swift */,
				62CC36152219382A0043C8EA /* LocallyStoredListViewModel.swift */,
				62CC361922193AA30043C8EA /* NetworkStoredListViewModel.swift */,
			);
			path = "Stored List";
			sourceTree = "<group>";
		};
		6217EDC6221157F600A29361 /* Model */ = {
			isa = PBXGroup;
			children = (
				62F0FA192210087900284F8C /* Secrets.swift */,
				62CC362D22194DDA0043C8EA /* Starwars */,
				62CC3628221947760043C8EA /* Articles */,
				62E325C82214373F00321B1B /* Movies & TV */,
				6217EDE5221195F200A29361 /* Books */,
				6217EDC7221157FC00A29361 /* Games */,
			);
			path = Model;
			sourceTree = "<group>";
		};
		6217EDC7221157FC00A29361 /* Games */ = {
			isa = PBXGroup;
			children = (
				62F0FA1B22100F1F00284F8C /* IGDBGame.swift */,
				6217EDD722117F6400A29361 /* IGDBRequests.swift */,
			);
			path = Games;
			sourceTree = "<group>";
		};
		6217EDC82211580B00A29361 /* Data */ = {
			isa = PBXGroup;
			children = (
				6217EDD522117E0600A29361 /* APIClient.swift */,
				6217EDCF2211626600A29361 /* StorageManager.swift */,
				6217EDEC2211A7C800A29361 /* APIRequest.swift */,
			);
			path = Data;
			sourceTree = "<group>";
		};
		6217EDD92211890B00A29361 /* MVMM List */ = {
			isa = PBXGroup;
			children = (
				6217EDCB221161EE00A29361 /* ListViewModel.swift */,
				6217EDCD2211621100A29361 /* ListViewController.swift */,
			);
			path = "MVMM List";
			sourceTree = "<group>";
		};
		6217EDE3221189E200A29361 /* MVC List */ = {
			isa = PBXGroup;
			children = (
				6217EDDF2211895F00A29361 /* SimpleCellViewModel.swift */,
				6217EDDA2211892C00A29361 /* SimpleCellModelMappable.swift */,
				6217EDE12211897B00A29361 /* SimpleTableViewController.swift */,
			);
			path = "MVC List";
			sourceTree = "<group>";
		};
		6217EDE422118A7100A29361 /* UI */ = {
			isa = PBXGroup;
			children = (
				6217EDE3221189E200A29361 /* MVC List */,
				6217EDD92211890B00A29361 /* MVMM List */,
				62CC36222219459C0043C8EA /* Network List */,
				62CC36212219457E0043C8EA /* Refreshable List */,
				6217EDC2221157D000A29361 /* Search Results List */,
				62CC3625221946850043C8EA /* Mutable List */,
				6217EDC4221157DF00A29361 /* Stored List */,
			);
			path = UI;
			sourceTree = "<group>";
		};
		6217EDE5221195F200A29361 /* Books */ = {
			isa = PBXGroup;
			children = (
				6217EDE62211960200A29361 /* GRRequests.swift */,
				6217EDE822119CF800A29361 /* GRBook.swift */,
				6217EDEA2211A1AC00A29361 /* GRSearchResponse.swift */,
			);
			path = Books;
			sourceTree = "<group>";
		};
		62CC36212219457E0043C8EA /* Refreshable List */ = {
			isa = PBXGroup;
			children = (
				62CC361B22193D100043C8EA /* RefreshableListViewController.swift */,
				62CC3626221947640043C8EA /* Refreshable.swift */,
			);
			path = "Refreshable List";
			sourceTree = "<group>";
		};
		62CC36222219459C0043C8EA /* Network List */ = {
			isa = PBXGroup;
			children = (
				62CC361D221941630043C8EA /* NetworkListViewModel.swift */,
			);
			path = "Network List";
			sourceTree = "<group>";
		};
		62CC3625221946850043C8EA /* Mutable List */ = {
			isa = PBXGroup;
			children = (
				62CC3623221946660043C8EA /* MutableListViewController.swift */,
				62CC3617221938540043C8EA /* MutableListViewModel.swift */,
			);
			path = "Mutable List";
			sourceTree = "<group>";
		};
		62CC3628221947760043C8EA /* Articles */ = {
			isa = PBXGroup;
			children = (
				62CC36292219477F0043C8EA /* IPArticle.swift */,
			);
			path = Articles;
			sourceTree = "<group>";
		};
		62CC362D22194DDA0043C8EA /* Starwars */ = {
			isa = PBXGroup;
			children = (
				62CC362E22194DE70043C8EA /* SWAPIRequests.swift */,
				62CC363022194DF70043C8EA /* SWAPIResponse.swift */,
				62CC363222194DFF0043C8EA /* SWAPIPerson.swift */,
			);
			path = Starwars;
			sourceTree = "<group>";
		};
		62E325C82214373F00321B1B /* Movies & TV */ = {
			isa = PBXGroup;
			children = (
				62E325C92214375000321B1B /* TMDBRequests.swift */,
				62E325CB2214384100321B1B /* TMDBSearchResponse.swift */,
				62E325CD2214472100321B1B /* TMDBTVShow.swift */,
				62E325CF2214478800321B1B /* TMDBMovie.swift */,
			);
			path = "Movies & TV";
			sourceTree = "<group>";
		};
		62F0F9F22210045C00284F8C = {
			isa = PBXGroup;
			children = (
				62F0F9FD2210045C00284F8C /* MediaTracker */,
				62F0F9FC2210045C00284F8C /* Products */,
				62F0FA12221007F400284F8C /* Frameworks */,
				019B6FB2C8DCBD1E77A6AC2A /* Pods */,
			);
			sourceTree = "<group>";
		};
		62F0F9FC2210045C00284F8C /* Products */ = {
			isa = PBXGroup;
			children = (
				62F0F9FB2210045C00284F8C /* MediaTracker.app */,
			);
			name = Products;
			sourceTree = "<group>";
		};
		62F0F9FD2210045C00284F8C /* MediaTracker */ = {
			isa = PBXGroup;
			children = (
				62F0F9FE2210045C00284F8C /* AppDelegate.swift */,
				6217EDE422118A7100A29361 /* UI */,
				6217EDC82211580B00A29361 /* Data */,
				6217EDC6221157F600A29361 /* Model */,
				62F0FA022210045C00284F8C /* Main.storyboard */,
				62F0FA052210045E00284F8C /* Assets.xcassets */,
				62F0FA072210045E00284F8C /* LaunchScreen.storyboard */,
				62F0FA0A2210045E00284F8C /* Info.plist */,
			);
			path = MediaTracker;
			sourceTree = "<group>";
		};
		62F0FA12221007F400284F8C /* Frameworks */ = {
			isa = PBXGroup;
			children = (
				62438E8C2212D9AC00181A82 /* XMLParsing.framework */,
				62F0FA13221007F400284F8C /* Alamofire.framework */,
				AA6F68317BFCBD55D20916E6 /* libPods-MediaTracker.a */,
			);
			name = Frameworks;
			sourceTree = "<group>";
		};
/* End PBXGroup section */

/* Begin PBXNativeTarget section */
		62F0F9FA2210045C00284F8C /* MediaTracker */ = {
			isa = PBXNativeTarget;
			buildConfigurationList = 62F0FA0D2210045E00284F8C /* Build configuration list for PBXNativeTarget "MediaTracker" */;
			buildPhases = (
				CB14458219BF82390073F876 /* [CP] Check Pods Manifest.lock */,
				62F0FA15221007F800284F8C /* CopyFiles */,
				62F0F9F72210045C00284F8C /* Sources */,
				62F0F9F82210045C00284F8C /* Frameworks */,
				62F0F9F92210045C00284F8C /* Resources */,
				8EF47BEA16931520B3D2BA4A /* [CP] Copy Pods Resources */,
				62FBFAEB2214FCC90018388F /* ShellScript */,
			);
			buildRules = (
			);
			dependencies = (
			);
			name = MediaTracker;
			productName = MediaTracker;
			productReference = 62F0F9FB2210045C00284F8C /* MediaTracker.app */;
			productType = "com.apple.product-type.application";
		};
/* End PBXNativeTarget section */

/* Begin PBXProject section */
		62F0F9F32210045C00284F8C /* Project object */ = {
			isa = PBXProject;
			attributes = {
				LastSwiftUpdateCheck = 1010;
				LastUpgradeCheck = 1010;
				ORGANIZATIONNAME = "Dylan Elliott";
				TargetAttributes = {
					62F0F9FA2210045C00284F8C = {
						CreatedOnToolsVersion = 10.1;
					};
				};
			};
			buildConfigurationList = 62F0F9F62210045C00284F8C /* Build configuration list for PBXProject "MediaTracker" */;
			compatibilityVersion = "Xcode 9.3";
			developmentRegion = en;
			hasScannedForEncodings = 0;
			knownRegions = (
				en,
				Base,
			);
			mainGroup = 62F0F9F22210045C00284F8C;
			productRefGroup = 62F0F9FC2210045C00284F8C /* Products */;
			projectDirPath = "";
			projectRoot = "";
			targets = (
				62F0F9FA2210045C00284F8C /* MediaTracker */,
			);
		};
/* End PBXProject section */

/* Begin PBXResourcesBuildPhase section */
		62F0F9F92210045C00284F8C /* Resources */ = {
			isa = PBXResourcesBuildPhase;
			buildActionMask = 2147483647;
			files = (
				62F0FA092210045E00284F8C /* LaunchScreen.storyboard in Resources */,
				62F0FA062210045E00284F8C /* Assets.xcassets in Resources */,
				62F0FA042210045C00284F8C /* Main.storyboard in Resources */,
			);
			runOnlyForDeploymentPostprocessing = 0;
		};
/* End PBXResourcesBuildPhase section */

/* Begin PBXShellScriptBuildPhase section */
		62FBFAEB2214FCC90018388F /* ShellScript */ = {
			isa = PBXShellScriptBuildPhase;
			buildActionMask = 2147483647;
			files = (
			);
			inputFileListPaths = (
			);
			inputPaths = (
				"$(SRCROOT)/Carthage/Build/iOS/XMLParsing.framework",
				"$(SRCROOT)/Carthage/Build/iOS/Alamofire.framework",
			);
			outputFileListPaths = (
			);
			outputPaths = (
			);
			runOnlyForDeploymentPostprocessing = 0;
			shellPath = /bin/sh;
			shellScript = "/usr/local/bin/carthage copy-frameworks\n";
		};
		8EF47BEA16931520B3D2BA4A /* [CP] Copy Pods Resources */ = {
			isa = PBXShellScriptBuildPhase;
			buildActionMask = 2147483647;
			files = (
			);
			inputFileListPaths = (
			);
			inputPaths = (
				"${SRCROOT}/Pods/Target Support Files/Pods-MediaTracker/Pods-MediaTracker-resources.sh",
				"${PODS_ROOT}/Iconic/Source/Catalog/FontAwesome.otf",
			);
			name = "[CP] Copy Pods Resources";
			outputFileListPaths = (
			);
			outputPaths = (
				"${TARGET_BUILD_DIR}/${UNLOCALIZED_RESOURCES_FOLDER_PATH}/FontAwesome.otf",
			);
			runOnlyForDeploymentPostprocessing = 0;
			shellPath = /bin/sh;
			shellScript = "\"${SRCROOT}/Pods/Target Support Files/Pods-MediaTracker/Pods-MediaTracker-resources.sh\"\n";
			showEnvVarsInLog = 0;
		};
		CB14458219BF82390073F876 /* [CP] Check Pods Manifest.lock */ = {
			isa = PBXShellScriptBuildPhase;
			buildActionMask = 2147483647;
			files = (
			);
			inputFileListPaths = (
			);
			inputPaths = (
				"${PODS_PODFILE_DIR_PATH}/Podfile.lock",
				"${PODS_ROOT}/Manifest.lock",
			);
			name = "[CP] Check Pods Manifest.lock";
			outputFileListPaths = (
			);
			outputPaths = (
				"$(DERIVED_FILE_DIR)/Pods-MediaTracker-checkManifestLockResult.txt",
			);
			runOnlyForDeploymentPostprocessing = 0;
			shellPath = /bin/sh;
			shellScript = "diff \"${PODS_PODFILE_DIR_PATH}/Podfile.lock\" \"${PODS_ROOT}/Manifest.lock\" > /dev/null\nif [ $? != 0 ] ; then\n    # print error to STDERR\n    echo \"error: The sandbox is not in sync with the Podfile.lock. Run 'pod install' or update your CocoaPods installation.\" >&2\n    exit 1\nfi\n# This output is used by Xcode 'outputs' to avoid re-running this script phase.\necho \"SUCCESS\" > \"${SCRIPT_OUTPUT_FILE_0}\"\n";
			showEnvVarsInLog = 0;
		};
/* End PBXShellScriptBuildPhase section */

/* Begin PBXSourcesBuildPhase section */
		62F0F9F72210045C00284F8C /* Sources */ = {
			isa = PBXSourcesBuildPhase;
			buildActionMask = 2147483647;
			files = (
				6217EDCC221161EE00A29361 /* ListViewModel.swift in Sources */,
				62CC3618221938540043C8EA /* MutableListViewModel.swift in Sources */,
				62CC362F22194DE70043C8EA /* SWAPIRequests.swift in Sources */,
				6217EDD622117E0600A29361 /* APIClient.swift in Sources */,
				62CC363122194DF70043C8EA /* SWAPIResponse.swift in Sources */,
				62E325CA2214375000321B1B /* TMDBRequests.swift in Sources */,
				62F0FA012210045C00284F8C /* SearchResultsViewController.swift in Sources */,
				62CC36162219382A0043C8EA /* LocallyStoredListViewModel.swift in Sources */,
				62F0FA1A2210087900284F8C /* Secrets.swift in Sources */,
				62CC362A2219477F0043C8EA /* IPArticle.swift in Sources */,
				62CC3624221946660043C8EA /* MutableListViewController.swift in Sources */,
				6217EDE02211895F00A29361 /* SimpleCellViewModel.swift in Sources */,
				6217EDD422117DEA00A29361 /* APISearchViewModel.swift in Sources */,
				62CC361C22193D100043C8EA /* RefreshableListViewController.swift in Sources */,
				6217EDD02211626600A29361 /* StorageManager.swift in Sources */,
				62CC361E221941630043C8EA /* NetworkListViewModel.swift in Sources */,
				6217EDD822117F6400A29361 /* IGDBRequests.swift in Sources */,
				6217EDE922119CF800A29361 /* GRBook.swift in Sources */,
				62F0FA2022102C3600284F8C /* SearchViewModel.swift in Sources */,
				62E325D02214478800321B1B /* TMDBMovie.swift in Sources */,
				6217EDDB2211892C00A29361 /* SimpleCellModelMappable.swift in Sources */,
				6217EDE22211897B00A29361 /* SimpleTableViewController.swift in Sources */,
				62F0FA1C22100F1F00284F8C /* IGDBGame.swift in Sources */,
				6217EDE72211960200A29361 /* GRRequests.swift in Sources */,
				62E325CC2214384100321B1B /* TMDBSearchResponse.swift in Sources */,
				6217EDCE2211621100A29361 /* ListViewController.swift in Sources */,
				62F0F9FF2210045C00284F8C /* AppDelegate.swift in Sources */,
				6217EDEB2211A1AC00A29361 /* GRSearchResponse.swift in Sources */,
				62E325CE2214472100321B1B /* TMDBTVShow.swift in Sources */,
				62CC3627221947640043C8EA /* Refreshable.swift in Sources */,
				6217EDED2211A7C800A29361 /* APIRequest.swift in Sources */,
				62CC361A22193AA30043C8EA /* NetworkStoredListViewModel.swift in Sources */,
				62F0FA1E22101C1300284F8C /* StoredListViewController.swift in Sources */,
				62CC363322194DFF0043C8EA /* SWAPIPerson.swift in Sources */,
			);
			runOnlyForDeploymentPostprocessing = 0;
		};
/* End PBXSourcesBuildPhase section */

/* Begin PBXVariantGroup section */
		62F0FA022210045C00284F8C /* Main.storyboard */ = {
			isa = PBXVariantGroup;
			children = (
				62F0FA032210045C00284F8C /* Base */,
			);
			name = Main.storyboard;
			sourceTree = "<group>";
		};
		62F0FA072210045E00284F8C /* LaunchScreen.storyboard */ = {
			isa = PBXVariantGroup;
			children = (
				62F0FA082210045E00284F8C /* Base */,
			);
			name = LaunchScreen.storyboard;
			sourceTree = "<group>";
		};
/* End PBXVariantGroup section */

/* Begin XCBuildConfiguration section */
		62F0FA0B2210045E00284F8C /* Debug */ = {
			isa = XCBuildConfiguration;
			buildSettings = {
				ALWAYS_SEARCH_USER_PATHS = NO;
				CLANG_ANALYZER_NONNULL = YES;
				CLANG_ANALYZER_NUMBER_OBJECT_CONVERSION = YES_AGGRESSIVE;
				CLANG_CXX_LANGUAGE_STANDARD = "gnu++14";
				CLANG_CXX_LIBRARY = "libc++";
				CLANG_ENABLE_MODULES = YES;
				CLANG_ENABLE_OBJC_ARC = YES;
				CLANG_ENABLE_OBJC_WEAK = YES;
				CLANG_WARN_BLOCK_CAPTURE_AUTORELEASING = YES;
				CLANG_WARN_BOOL_CONVERSION = YES;
				CLANG_WARN_COMMA = YES;
				CLANG_WARN_CONSTANT_CONVERSION = YES;
				CLANG_WARN_DEPRECATED_OBJC_IMPLEMENTATIONS = YES;
				CLANG_WARN_DIRECT_OBJC_ISA_USAGE = YES_ERROR;
				CLANG_WARN_DOCUMENTATION_COMMENTS = YES;
				CLANG_WARN_EMPTY_BODY = YES;
				CLANG_WARN_ENUM_CONVERSION = YES;
				CLANG_WARN_INFINITE_RECURSION = YES;
				CLANG_WARN_INT_CONVERSION = YES;
				CLANG_WARN_NON_LITERAL_NULL_CONVERSION = YES;
				CLANG_WARN_OBJC_IMPLICIT_RETAIN_SELF = YES;
				CLANG_WARN_OBJC_LITERAL_CONVERSION = YES;
				CLANG_WARN_OBJC_ROOT_CLASS = YES_ERROR;
				CLANG_WARN_RANGE_LOOP_ANALYSIS = YES;
				CLANG_WARN_STRICT_PROTOTYPES = YES;
				CLANG_WARN_SUSPICIOUS_MOVE = YES;
				CLANG_WARN_UNGUARDED_AVAILABILITY = YES_AGGRESSIVE;
				CLANG_WARN_UNREACHABLE_CODE = YES;
				CLANG_WARN__DUPLICATE_METHOD_MATCH = YES;
				CODE_SIGN_IDENTITY = "iPhone Developer";
				COPY_PHASE_STRIP = NO;
				DEBUG_INFORMATION_FORMAT = dwarf;
				ENABLE_STRICT_OBJC_MSGSEND = YES;
				ENABLE_TESTABILITY = YES;
				GCC_C_LANGUAGE_STANDARD = gnu11;
				GCC_DYNAMIC_NO_PIC = NO;
				GCC_NO_COMMON_BLOCKS = YES;
				GCC_OPTIMIZATION_LEVEL = 0;
				GCC_PREPROCESSOR_DEFINITIONS = (
					"DEBUG=1",
					"$(inherited)",
				);
				GCC_WARN_64_TO_32_BIT_CONVERSION = YES;
				GCC_WARN_ABOUT_RETURN_TYPE = YES_ERROR;
				GCC_WARN_UNDECLARED_SELECTOR = YES;
				GCC_WARN_UNINITIALIZED_AUTOS = YES_AGGRESSIVE;
				GCC_WARN_UNUSED_FUNCTION = YES;
				GCC_WARN_UNUSED_VARIABLE = YES;
				IPHONEOS_DEPLOYMENT_TARGET = 12.1;
				MTL_ENABLE_DEBUG_INFO = INCLUDE_SOURCE;
				MTL_FAST_MATH = YES;
				ONLY_ACTIVE_ARCH = YES;
				SDKROOT = iphoneos;
				SWIFT_ACTIVE_COMPILATION_CONDITIONS = DEBUG;
				SWIFT_OPTIMIZATION_LEVEL = "-Onone";
			};
			name = Debug;
		};
		62F0FA0C2210045E00284F8C /* Release */ = {
			isa = XCBuildConfiguration;
			buildSettings = {
				ALWAYS_SEARCH_USER_PATHS = NO;
				CLANG_ANALYZER_NONNULL = YES;
				CLANG_ANALYZER_NUMBER_OBJECT_CONVERSION = YES_AGGRESSIVE;
				CLANG_CXX_LANGUAGE_STANDARD = "gnu++14";
				CLANG_CXX_LIBRARY = "libc++";
				CLANG_ENABLE_MODULES = YES;
				CLANG_ENABLE_OBJC_ARC = YES;
				CLANG_ENABLE_OBJC_WEAK = YES;
				CLANG_WARN_BLOCK_CAPTURE_AUTORELEASING = YES;
				CLANG_WARN_BOOL_CONVERSION = YES;
				CLANG_WARN_COMMA = YES;
				CLANG_WARN_CONSTANT_CONVERSION = YES;
				CLANG_WARN_DEPRECATED_OBJC_IMPLEMENTATIONS = YES;
				CLANG_WARN_DIRECT_OBJC_ISA_USAGE = YES_ERROR;
				CLANG_WARN_DOCUMENTATION_COMMENTS = YES;
				CLANG_WARN_EMPTY_BODY = YES;
				CLANG_WARN_ENUM_CONVERSION = YES;
				CLANG_WARN_INFINITE_RECURSION = YES;
				CLANG_WARN_INT_CONVERSION = YES;
				CLANG_WARN_NON_LITERAL_NULL_CONVERSION = YES;
				CLANG_WARN_OBJC_IMPLICIT_RETAIN_SELF = YES;
				CLANG_WARN_OBJC_LITERAL_CONVERSION = YES;
				CLANG_WARN_OBJC_ROOT_CLASS = YES_ERROR;
				CLANG_WARN_RANGE_LOOP_ANALYSIS = YES;
				CLANG_WARN_STRICT_PROTOTYPES = YES;
				CLANG_WARN_SUSPICIOUS_MOVE = YES;
				CLANG_WARN_UNGUARDED_AVAILABILITY = YES_AGGRESSIVE;
				CLANG_WARN_UNREACHABLE_CODE = YES;
				CLANG_WARN__DUPLICATE_METHOD_MATCH = YES;
				CODE_SIGN_IDENTITY = "iPhone Developer";
				COPY_PHASE_STRIP = NO;
				DEBUG_INFORMATION_FORMAT = "dwarf-with-dsym";
				ENABLE_NS_ASSERTIONS = NO;
				ENABLE_STRICT_OBJC_MSGSEND = YES;
				GCC_C_LANGUAGE_STANDARD = gnu11;
				GCC_NO_COMMON_BLOCKS = YES;
				GCC_WARN_64_TO_32_BIT_CONVERSION = YES;
				GCC_WARN_ABOUT_RETURN_TYPE = YES_ERROR;
				GCC_WARN_UNDECLARED_SELECTOR = YES;
				GCC_WARN_UNINITIALIZED_AUTOS = YES_AGGRESSIVE;
				GCC_WARN_UNUSED_FUNCTION = YES;
				GCC_WARN_UNUSED_VARIABLE = YES;
				IPHONEOS_DEPLOYMENT_TARGET = 12.1;
				MTL_ENABLE_DEBUG_INFO = NO;
				MTL_FAST_MATH = YES;
				SDKROOT = iphoneos;
				SWIFT_COMPILATION_MODE = wholemodule;
				SWIFT_OPTIMIZATION_LEVEL = "-O";
				VALIDATE_PRODUCT = YES;
			};
			name = Release;
		};
		62F0FA0E2210045E00284F8C /* Debug */ = {
			isa = XCBuildConfiguration;
			baseConfigurationReference = 8BDE32FBC98FB5DB2471A725 /* Pods-MediaTracker.debug.xcconfig */;
			buildSettings = {
				ASSETCATALOG_COMPILER_APPICON_NAME = AppIcon;
				CODE_SIGN_IDENTITY = "iPhone Developer";
				CODE_SIGN_STYLE = Automatic;
				DEVELOPMENT_TEAM = 6CW3378X23;
				FRAMEWORK_SEARCH_PATHS = (
					"$(inherited)",
					"$(PROJECT_DIR)/Carthage/Build/iOS",
				);
				INFOPLIST_FILE = MediaTracker/Info.plist;
				IPHONEOS_DEPLOYMENT_TARGET = 12.1;
				LD_RUNPATH_SEARCH_PATHS = (
					"$(inherited)",
					"@executable_path/Frameworks",
				);
				PRODUCT_BUNDLE_IDENTIFIER = com.dylanelliott.MediaTracker;
				PRODUCT_NAME = "$(TARGET_NAME)";
				PROVISIONING_PROFILE_SPECIFIER = "";
				SWIFT_VERSION = 4.2;
				TARGETED_DEVICE_FAMILY = "1,2";
			};
			name = Debug;
		};
		62F0FA0F2210045E00284F8C /* Release */ = {
			isa = XCBuildConfiguration;
			baseConfigurationReference = F7525B89277C0929D12C7ABC /* Pods-MediaTracker.release.xcconfig */;
			buildSettings = {
				ASSETCATALOG_COMPILER_APPICON_NAME = AppIcon;
				CODE_SIGN_IDENTITY = "iPhone Developer";
				CODE_SIGN_STYLE = Automatic;
				DEVELOPMENT_TEAM = 6CW3378X23;
				FRAMEWORK_SEARCH_PATHS = (
					"$(inherited)",
					"$(PROJECT_DIR)/Carthage/Build/iOS",
				);
				INFOPLIST_FILE = MediaTracker/Info.plist;
				IPHONEOS_DEPLOYMENT_TARGET = 12.1;
				LD_RUNPATH_SEARCH_PATHS = (
					"$(inherited)",
					"@executable_path/Frameworks",
				);
				PRODUCT_BUNDLE_IDENTIFIER = com.dylanelliott.MediaTracker;
				PRODUCT_NAME = "$(TARGET_NAME)";
				PROVISIONING_PROFILE_SPECIFIER = "";
				SWIFT_VERSION = 4.2;
				TARGETED_DEVICE_FAMILY = "1,2";
			};
			name = Release;
		};
/* End XCBuildConfiguration section */

/* Begin XCConfigurationList section */
		62F0F9F62210045C00284F8C /* Build configuration list for PBXProject "MediaTracker" */ = {
			isa = XCConfigurationList;
			buildConfigurations = (
				62F0FA0B2210045E00284F8C /* Debug */,
				62F0FA0C2210045E00284F8C /* Release */,
			);
			defaultConfigurationIsVisible = 0;
			defaultConfigurationName = Release;
		};
		62F0FA0D2210045E00284F8C /* Build configuration list for PBXNativeTarget "MediaTracker" */ = {
			isa = XCConfigurationList;
			buildConfigurations = (
				62F0FA0E2210045E00284F8C /* Debug */,
				62F0FA0F2210045E00284F8C /* Release */,
			);
			defaultConfigurationIsVisible = 0;
			defaultConfigurationName = Release;
		};
/* End XCConfigurationList section */
	};
	rootObject = 62F0F9F32210045C00284F8C /* Project object */;
}
